{
  "lockfile-version": 1,
  "manifest": {
    "schema-version": "1.11.0",
    "install": {
      "argocd": {
        "pkg-path": "argocd"
      },
      "awscli2": {
        "pkg-path": "awscli2"
      },
      "eksctl": {
        "pkg-path": "eksctl"
      },
      "kubectl": {
        "pkg-path": "kubectl"
      },
      "kubernetes-helm": {
        "pkg-path": "kubernetes-helm"
      },
      "kustomize": {
        "pkg-path": "kustomize"
      },
      "nodejs": {
        "pkg-path": "nodejs"
      },
      "pnpm": {
        "pkg-path": "pnpm"
      },
      "python3": {
        "pkg-path": "python3"
      },
      "terraform": {
        "pkg-path": "terraform"
      },
      "xvfb-run": {
        "pkg-path": "xvfb-run",
        "systems": [
          "x86_64-linux",
          "aarch64-linux"
        ]
      }
    },
    "hook": {},
    "profile": {},
    "options": {}
  },
  "packages": [
    {
      "attr_path": "argocd",
      "broken": false,
      "derivation": "/nix/store/zix6y3w2npjlns0g2hwbvnvs0qxfrjmk-argocd-3.3.5.drv",
      "description": "Declarative continuous deployment for Kubernetes",
      "install_id": "argocd",
      "license": "Apache-2.0",
      "locked_url": "https://github.com/flox/nixpkgs?rev=8110df5ad7abf5d4c0f6fb0f8f978390e77f9685",
      "name": "argocd-3.3.5",
      "pname": "argocd",
      "rev": "8110df5ad7abf5d4c0f6fb0f8f978390e77f9685",
      "rev_count": 971119,
      "rev_date": "2026-03-28T14:48:23Z",
      "scrape_date": "2026-03-30T03:37:19.542821Z",
      "stabilities": [
        "unstable"
      ],
      "unfree": false,
      "version": "3.3.5",
      "outputs_to_install": [
        "out"
      ],
      "outputs": {
        "out": "/nix/store/ws6h3d112890g4gcpcl5y7xf9xyryp2q-argocd-3.3.5"
      },
      "system": "aarch64-darwin",
      "group": "toplevel",
      "priority": 5
    },
    {
      "attr_path": "argocd",
      "broken": false,
      "derivation": "/nix/store/vplvrq1mk0fil175r3217i7z0fr161gr-argocd-3.3.5.drv",
      "description": "Declarative continuous deployment for Kubernetes",
      "install_id": "argocd",
      "license": "Apache-2.0",
      "locked_url": "https://github.com/flox/nixpkgs?rev=8110df5ad7abf5d4c0f6fb0f8f978390e77f9685",
      "name": "argocd-3.3.5",
      "pname": "argocd",
      "rev": "8110df5ad7abf5d4c0f6fb0f8f978390e77f9685",
      "rev_count": 971119,
      "rev_date": "2026-03-28T14:48:23Z",
      "scrape_date": "2026-03-30T04:09:53.849200Z",
      "stabilities": [
        "unstable"
      ],
      "unfree": false,
      "version": "3.3.5",
      "outputs_to_install": [
        "out"
      ],
      "outputs": {
        "out": "/nix/store/zppi3m4mvgqb44hwdf2g1xrygcc3jgbf-argocd-3.3.5"
      },
      "system": "aarch64-linux",
      "group": "toplevel",
      "priority": 5
    },
    {
      "attr_path": "argocd",
      "broken": false,
      "derivation": "/nix/store/r20c7k2i7iqjhajgdifk75593sdcw743-argocd-3.3.5.drv",
      "description": "Declarative continuous deployment for Kubernetes",
      "install_id": "argocd",
      "license": "Apache-2.0",
      "locked_url": "https://github.com/flox/nixpkgs?rev=8110df5ad7abf5d4c0f6fb0f8f978390e77f9685",
      "name": "argocd-3.3.5",
      "pname": "argocd",
      "rev": "8110df5ad7abf5d4c0f6fb0f8f978390e77f9685",
      "rev_count": 971119,
      "rev_date": "2026-03-28T14:48:23Z",
      "scrape_date": "2026-03-30T04:40:38.771400Z",
      "stabilities": [
        "unstable"
      ],
      "unfree": false,
      "version": "3.3.5",
      "outputs_to_install": [
        "out"
      ],
      "outputs": {
        "out": "/nix/store/k1cknn7wa29g7v1pmj1kyqzjmzx67mrd-argocd-3.3.5"
      },
      "system": "x86_64-darwin",
      "group": "toplevel",
      "priority": 5
    },
    {
      "attr_path": "argocd",
      "broken": false,
      "derivation": "/nix/store/hrqbk6sq0kp0i1wkh0zn59h219bssp60-argocd-3.3.5.drv",
      "description": "Declarative continuous deployment for Kubernetes",
      "install_id": "argocd",
      "license": "Apache-2.0",
      "locked_url": "https://github.com/flox/nixpkgs?rev=8110df5ad7abf5d4c0f6fb0f8f978390e77f9685",
      "name": "argocd-3.3.5",
      "pname": "argocd",
      "rev": "8110df5ad7abf5d4c0f6fb0f8f978390e77f9685",
      "rev_count": 971119,
      "rev_date": "2026-03-28T14:48:23Z",
      "scrape_date": "2026-03-30T05:16:14.147573Z",
      "stabilities": [
        "unstable"
      ],
      "unfree": false,
      "version": "3.3.5",
      "outputs_to_install": [
        "out"
      ],
      "outputs": {
        "out": "/nix/store/8kbj8pk02119m64cvdfcc71w7829ky9n-argocd-3.3.5"
      },
      "system": "x86_64-linux",
      "group": "toplevel",
      "priority": 5
    },
    {
      "attr_path": "awscli2",
      "broken": false,
      "derivation": "/nix/store/jcsnqlk4i3dnp7b6cv09h3hxs3gs60gv-awscli2-2.33.2.drv",
      "description": "Unified tool to manage your AWS services",
      "install_id": "awscli2",
      "license": "Apache-2.0",
      "locked_url": "https://github.com/flox/nixpkgs?rev=8110df5ad7abf5d4c0f6fb0f8f978390e77f9685",
      "name": "awscli2-2.33.2",
      "pname": "awscli2",
      "rev": "8110df5ad7abf5d4c0f6fb0f8f978390e77f9685",
      "rev_count": 971119,
      "rev_date": "2026-03-28T14:48:23Z",
      "scrape_date": "2026-03-30T03:37:19.576929Z",
      "stabilities": [
        "unstable"
      ],
      "unfree": false,
      "version": "2.33.2",
      "outputs_to_install": [
        "out"
      ],
      "outputs": {
        "dist": "/nix/store/d69v4alcr01vrdvdxx2kmlfj24fgrivq-awscli2-2.33.2-dist",
        "out": "/nix/store/0xqxrmhc1rks5vck4zch8yj950rjjalj-awscli2-2.33.2"
      },
      "system": "aarch64-darwin",
      "group": "toplevel",
      "priority": 5
    },
    {
      "attr_path": "awscli2",
      "broken": false,
      "derivation": "/nix/store/40d3zhavybn0241ddkqnvlh3r3180dr3-awscli2-2.33.2.drv",
      "description": "Unified tool to manage your AWS services",
      "install_id": "awscli2",
      "license": "Apache-2.0",
      "locked_url": "https://github.com/flox/nixpkgs?rev=8110df5ad7abf5d4c0f6fb0f8f978390e77f9685",
      "name": "awscli2-2.33.2",
      "pname": "awscli2",
      "rev": "8110df5ad7abf5d4c0f6fb0f8f978390e77f9685",
      "rev_count": 971119,
      "rev_date": "2026-03-28T14:48:23Z",
      "scrape_date": "2026-03-30T04:09:53.898842Z",
      "stabilities": [
        "unstable"
      ],
      "unfree": false,
      "version": "2.33.2",
      "outputs_to_install": [
        "out"
      ],
      "outputs": {
        "dist": "/nix/store/i7arbg8h3gjxxg4zizf29k9hwfph9bc5-awscli2-2.33.2-dist",
        "out": "/nix/store/krfjxaxazl6102mgyzal0440inmif559-awscli2-2.33.2"
      },
      "system": "aarch64-linux",
      "group": "toplevel",
      "priority": 5
    },
    {
      "attr_path": "awscli2",
      "broken": false,
      "derivation": "/nix/store/fn7r8ncnkx76q0g97kbbnm2kf8ac7i5h-awscli2-2.33.2.drv",
      "description": "Unified tool to manage your AWS services",
      "install_id": "awscli2",
      "license": "Apache-2.0",
      "locked_url": "https://github.com/flox/nixpkgs?rev=8110df5ad7abf5d4c0f6fb0f8f978390e77f9685",
      "name": "awscli2-2.33.2",
      "pname": "awscli2",
      "rev": "8110df5ad7abf5d4c0f6fb0f8f978390e77f9685",
      "rev_count": 971119,
      "rev_date": "2026-03-28T14:48:23Z",
      "scrape_date": "2026-03-30T04:40:38.807249Z",
      "stabilities": [
        "unstable"
      ],
      "unfree": false,
      "version": "2.33.2",
      "outputs_to_install": [
        "out"
      ],
      "outputs": {
        "dist": "/nix/store/3ndhi3ws18g2xk1vkxlxdbra0lrsqbxm-awscli2-2.33.2-dist",
        "out": "/nix/store/r5slk3dca249mw1nd3gs1hngpqz8jq6p-awscli2-2.33.2"
      },
      "system": "x86_64-darwin",
      "group": "toplevel",
      "priority": 5
    },
    {
      "attr_path": "awscli2",
      "broken": false,
      "derivation": "/nix/store/njnra83lrxr1cjfb6lscczqw84wjiy3z-awscli2-2.33.2.drv",
      "description": "Unified tool to manage your AWS services",
      "install_id": "awscli2",
      "license": "Apache-2.0",
      "locked_url": "https://github.com/flox/nixpkgs?rev=8110df5ad7abf5d4c0f6fb0f8f978390e77f9685",
      "name": "awscli2-2.33.2",
      "pname": "awscli2",
      "rev": "8110df5ad7abf5d4c0f6fb0f8f978390e77f9685",
      "rev_count": 971119,
      "rev_date": "2026-03-28T14:48:23Z",
      "scrape_date": "2026-03-30T05:16:14.200592Z",
      "stabilities": [
        "unstable"
      ],
      "unfree": false,
      "version": "2.33.2",
      "outputs_to_install": [
        "out"
      ],
      "outputs": {
        "dist": "/nix/store/h7a6x8320427nqq3ddgzmaz8mv4pp2jw-awscli2-2.33.2-dist",
        "out": "/nix/store/7bg4pfkyhqqr5m5v35697v4rkimsapcy-awscli2-2.33.2"
      },
      "system": "x86_64-linux",
      "group": "toplevel",
      "priority": 5
    },
    {
      "attr_path": "eksctl",
      "broken": false,
      "derivation": "/nix/store/nirwmgiii5hdj6m8203hz3znkwgjkh9v-eksctl-0.224.0.drv",
      "description": "CLI for Amazon EKS",
      "install_id": "eksctl",
      "license": "Apache-2.0",
      "locked_url": "https://github.com/flox/nixpkgs?rev=8110df5ad7abf5d4c0f6fb0f8f978390e77f9685",
      "name": "eksctl-0.224.0",
      "pname": "eksctl",
      "rev": "8110df5ad7abf5d4c0f6fb0f8f978390e77f9685",
      "rev_count": 971119,
      "rev_date": "2026-03-28T14:48:23Z",
      "scrape_date": "2026-03-30T03:37:20.387737Z",
      "stabilities": [
        "unstable"
      ],
      "unfree": false,
      "version": "0.224.0",
      "outputs_to_install": [
        "out"
      ],
      "outputs": {
        "out": "/nix/store/r8khgnavd3wxmf8312g90sqfyf50nd02-eksctl-0.224.0"
      },
      "system": "aarch64-darwin",
      "group": "toplevel",
      "priority": 5
    },
    {
      "attr_path": "eksctl",
      "broken": false,
      "derivation": "/nix/store/5lhy76fshm6484y4qnink76cbzp2fabx-eksctl-0.224.0.drv",
      "description": "CLI for Amazon EKS",
      "install_id": "eksctl",
      "license": "Apache-2.0",
      "locked_url": "https://github.com/flox/nixpkgs?rev=8110df5ad7abf5d4c0f6fb0f8f978390e77f9685",
      "name": "eksctl-0.224.0",
      "pname": "eksctl",
      "rev": "8110df5ad7abf5d4c0f6fb0f8f978390e77f9685",
      "rev_count": 971119,
      "rev_date": "2026-03-28T14:48:23Z",
      "scrape_date": "2026-03-30T04:09:54.932073Z",
      "stabilities": [
        "unstable"
      ],
      "unfree": false,
      "version": "0.224.0",
      "outputs_to_install": [
        "out"
      ],
      "outputs": {
        "out": "/nix/store/8a067bciviqnjgyaak2lq0vhldsfh99c-eksctl-0.224.0"
      },
      "system": "aarch64-linux",
      "group": "toplevel",
      "priority": 5
    },
    {
      "attr_path": "eksctl",
      "broken": false,
      "derivation": "/nix/store/x5qc1vjj3z6yg0in56x359qbg4vm4gjq-eksctl-0.224.0.drv",
      "description": "CLI for Amazon EKS",
      "install_id": "eksctl",
      "license": "Apache-2.0",
      "locked_url": "https://github.com/flox/nixpkgs?rev=8110df5ad7abf5d4c0f6fb0f8f978390e77f9685",
      "name": "eksctl-0.224.0",
      "pname": "eksctl",
      "rev": "8110df5ad7abf5d4c0f6fb0f8f978390e77f9685",
      "rev_count": 971119,
      "rev_date": "2026-03-28T14:48:23Z",
      "scrape_date": "2026-03-30T04:40:39.548714Z",
      "stabilities": [
        "unstable"
      ],
      "unfree": false,
      "version": "0.224.0",
      "outputs_to_install": [
        "out"
      ],
      "outputs": {
        "out": "/nix/store/g41l6mlsrg9jfkslsz8k083a4sjqlslw-eksctl-0.224.0"
      },
      "system": "x86_64-darwin",
      "group": "toplevel",
      "priority": 5
    },
    {
      "attr_path": "eksctl",
      "broken": false,
      "derivation": "/nix/store/z08q69hc7x708vk6xd0sqb7a3ldf5ha1-eksctl-0.224.0.drv",
      "description": "CLI for Amazon EKS",
      "install_id": "eksctl",
      "license": "Apache-2.0",
      "locked_url": "https://github.com/flox/nixpkgs?rev=8110df5ad7abf5d4c0f6fb0f8f978390e77f9685",
      "name": "eksctl-0.224.0",
      "pname": "eksctl",
      "rev": "8110df5ad7abf5d4c0f6fb0f8f978390e77f9685",
      "rev_count": 971119,
      "rev_date": "2026-03-28T14:48:23Z",
      "scrape_date": "2026-03-30T05:16:15.350186Z",
      "stabilities": [
        "unstable"
      ],
      "unfree": false,
      "version": "0.224.0",
      "outputs_to_install": [
        "out"
      ],
      "outputs": {
        "out": "/nix/store/g1w0fjhibw3n5dxrvghyslvanncfcz0v-eksctl-0.224.0"
      },
      "system": "x86_64-linux",
      "group": "toplevel",
      "priority": 5
    },
    {
      "attr_path": "kubectl",
      "broken": false,
      "derivation": "/nix/store/2s52793gb4xgmg6j98fjn0vha25c8pid-kubectl-1.35.3.drv",
      "description": "Kubernetes CLI",
      "install_id": "kubectl",
      "license": "Apache-2.0",
      "locked_url": "https://github.com/flox/nixpkgs?rev=8110df5ad7abf5d4c0f6fb0f8f978390e77f9685",
      "name": "kubectl-1.35.3",
      "pname": "kubectl",
      "rev": "8110df5ad7abf5d4c0f6fb0f8f978390e77f9685",
      "rev_count": 971119,
      "rev_date": "2026-03-28T14:48:23Z",
      "scrape_date": "2026-03-30T03:37:36.748737Z",
      "stabilities": [
        "unstable"
      ],
      "unfree": false,
      "version": "1.35.3",
      "outputs_to_install": [
        "man",
        "out"
      ],
      "outputs": {
        "convert": "/nix/store/2386d86s036sid0gakk2byldmb894kfj-kubectl-1.35.3-convert",
        "man": "/nix/store/xmz0zrh0hwmgfwx51apwpi3y8rfn8jrk-kubectl-1.35.3-man",
        "out": "/nix/store/66rihhkpvgmxg3rm7n7nmms2l6vc7hm9-kubectl-1.35.3"
      },
      "system": "aarch64-darwin",
      "group": "toplevel",
      "priority": 5
    },
    {
      "attr_path": "kubectl",
      "broken": false,
      "derivation": "/nix/store/k9zv2a6m825vzrkz4zv7y4rf492cxpyn-kubectl-1.35.3.drv",
      "description": "Kubernetes CLI",
      "install_id": "kubectl",
      "license": "Apache-2.0",
      "locked_url": "https://github.com/flox/nixpkgs?rev=8110df5ad7abf5d4c0f6fb0f8f978390e77f9685",
      "name": "kubectl-1.35.3",
      "pname": "kubectl",
      "rev": "8110df5ad7abf5d4c0f6fb0f8f978390e77f9685",
      "rev_count": 971119,
      "rev_date": "2026-03-28T14:48:23Z",
      "scrape_date": "2026-03-30T04:10:17.991102Z",
      "stabilities": [
        "unstable"
      ],
      "unfree": false,
      "version": "1.35.3",
      "outputs_to_install": [
        "man",
        "out"
      ],
      "outputs": {
        "convert": "/nix/store/p0mwzpz8z0sb2gqsv5hqr1hii3lpvm78-kubectl-1.35.3-convert",
        "man": "/nix/store/z0x4x9rp6gqp67c5vc6x8nkcmklzh15c-kubectl-1.35.3-man",
        "out": "/nix/store/zsrwfw55ch6p8ilx4ikwl25h3nb0gf6j-kubectl-1.35.3"
      },
      "system": "aarch64-linux",
      "group": "toplevel",
      "priority": 5
    },
    {
      "attr_path": "kubectl",
      "broken": false,
      "derivation": "/nix/store/f02qamlrv975rm8y8qkkkqmw0w19qcjc-kubectl-1.35.3.drv",
      "description": "Kubernetes CLI",
      "install_id": "kubectl",
      "license": "Apache-2.0",
      "locked_url": "https://github.com/flox/nixpkgs?rev=8110df5ad7abf5d4c0f6fb0f8f978390e77f9685",
      "name": "kubectl-1.35.3",
      "pname": "kubectl",
      "rev": "8110df5ad7abf5d4c0f6fb0f8f978390e77f9685",
      "rev_count": 971119,
      "rev_date": "2026-03-28T14:48:23Z",
      "scrape_date": "2026-03-30T04:40:56.052816Z",
      "stabilities": [
        "unstable"
      ],
      "unfree": false,
      "version": "1.35.3",
      "outputs_to_install": [
        "man",
        "out"
      ],
      "outputs": {
        "convert": "/nix/store/f4hjfkab89fv88mhn1ljyyz3f23cqlnn-kubectl-1.35.3-convert",
        "man": "/nix/store/01f28ykn75bvzm360djn72l8nsacnqn5-kubectl-1.35.3-man",
        "out": "/nix/store/0rqzvyzcs772969lgnd8ysagiwwzci5c-kubectl-1.35.3"
      },
      "system": "x86_64-darwin",
      "group": "toplevel",
      "priority": 5
    },
    {
      "attr_path": "kubectl",
      "broken": false,
      "derivation": "/nix/store/iwml6dip3gn4pc6jqw055xgd686j8igh-kubectl-1.35.3.drv",
      "description": "Kubernetes CLI",
      "install_id": "kubectl",
      "license": "Apache-2.0",
      "locked_url": "https://github.com/flox/nixpkgs?rev=8110df5ad7abf5d4c0f6fb0f8f978390e77f9685",
      "name": "kubectl-1.35.3",
      "pname": "kubectl",
      "rev": "8110df5ad7abf5d4c0f6fb0f8f978390e77f9685",
      "rev_count": 971119,
      "rev_date": "2026-03-28T14:48:23Z",
      "scrape_date": "2026-03-30T05:16:39.026884Z",
      "stabilities": [
        "unstable"
      ],
      "unfree": false,
      "version": "1.35.3",
      "outputs_to_install": [
        "man",
        "out"
      ],
      "outputs": {
        "convert": "/nix/store/hi0cfsb3zpcf4g43mz2s3siic8kf3d67-kubectl-1.35.3-convert",
        "man": "/nix/store/s15vmhgq9l9mq1gmyzgxb3kqyvikq5c2-kubectl-1.35.3-man",
        "out": "/nix/store/6m48j0x1w9hq9l6byqcnj82q5h0c6nbg-kubectl-1.35.3"
      },
      "system": "x86_64-linux",
      "group": "toplevel",
      "priority": 5
    },
    {
      "attr_path": "kubernetes-helm",
      "broken": false,
      "derivation": "/nix/store/p09s22gnv0qqfn7jjgqh492ds5bkycbi-kubernetes-helm-3.19.1.drv",
      "description": "Package manager for kubernetes",
      "install_id": "kubernetes-helm",
      "license": "Apache-2.0",
      "locked_url": "https://github.com/flox/nixpkgs?rev=8110df5ad7abf5d4c0f6fb0f8f978390e77f9685",
      "name": "kubernetes-helm-3.19.1",
      "pname": "kubernetes-helm",
      "rev": "8110df5ad7abf5d4c0f6fb0f8f978390e77f9685",
      "rev_count": 971119,
      "rev_date": "2026-03-28T14:48:23Z",
      "scrape_date": "2026-03-30T03:37:36.796111Z",
      "stabilities": [
        "unstable"
      ],
      "unfree": false,
      "version": "3.19.1",
      "outputs_to_install": [
        "out"
      ],
      "outputs": {
        "out": "/nix/store/lj80z1b76xig3lfn0s0cmj1lff99jrq3-kubernetes-helm-3.19.1"
      },
      "system": "aarch64-darwin",
      "group": "toplevel",
      "priority": 5
    },
    {
      "attr_path": "kubernetes-helm",
      "broken": false,
      "derivation": "/nix/store/4v2rppsdyrm86a1kk748jn48gwql1b83-kubernetes-helm-3.19.1.drv",
      "description": "Package manager for kubernetes",
      "install_id": "kubernetes-helm",
      "license": "Apache-2.0",
      "locked_url": "https://github.com/flox/nixpkgs?rev=8110df5ad7abf5d4c0f6fb0f8f978390e77f9685",
      "name": "kubernetes-helm-3.19.1",
      "pname": "kubernetes-helm",
      "rev": "8110df5ad7abf5d4c0f6fb0f8f978390e77f9685",
      "rev_count": 971119,
      "rev_date": "2026-03-28T14:48:23Z",
      "scrape_date": "2026-03-30T04:10:18.051005Z",
      "stabilities": [
        "unstable"
      ],
      "unfree": false,
      "version": "3.19.1",
      "outputs_to_install": [
        "out"
      ],
      "outputs": {
        "out": "/nix/store/zzzspvhp2sxrcii8g6gi65c78mmc5ifg-kubernetes-helm-3.19.1"
      },
      "system": "aarch64-linux",
      "group": "toplevel",
      "priority": 5
    },
    {
      "attr_path": "kubernetes-helm",
      "broken": false,
      "derivation": "/nix/store/8qnqvhmswq2yq5xm6irrkc8b95g4rf8k-kubernetes-helm-3.19.1.drv",
      "description": "Package manager for kubernetes",
      "install_id": "kubernetes-helm",
      "license": "Apache-2.0",
      "locked_url": "https://github.com/flox/nixpkgs?rev=8110df5ad7abf5d4c0f6fb0f8f978390e77f9685",
      "name": "kubernetes-helm-3.19.1",
      "pname": "kubernetes-helm",
      "rev": "8110df5ad7abf5d4c0f6fb0f8f978390e77f9685",
      "rev_count": 971119,
      "rev_date": "2026-03-28T14:48:23Z",
      "scrape_date": "2026-03-30T04:40:56.102025Z",
      "stabilities": [
        "unstable"
      ],
      "unfree": false,
      "version": "3.19.1",
      "outputs_to_install": [
        "out"
      ],
      "outputs": {
        "out": "/nix/store/5wig6vkavjfp1jd3qbx9mbyiiqbfsa75-kubernetes-helm-3.19.1"
      },
      "system": "x86_64-darwin",
      "group": "toplevel",
      "priority": 5
    },
    {
      "attr_path": "kubernetes-helm",
      "broken": false,
      "derivation": "/nix/store/9ahmn6wycawk85zmbcs7sp2qkam06x7s-kubernetes-helm-3.19.1.drv",
      "description": "Package manager for kubernetes",
      "install_id": "kubernetes-helm",
      "license": "Apache-2.0",
      "locked_url": "https://github.com/flox/nixpkgs?rev=8110df5ad7abf5d4c0f6fb0f8f978390e77f9685",
      "name": "kubernetes-helm-3.19.1",
      "pname": "kubernetes-helm",
      "rev": "8110df5ad7abf5d4c0f6fb0f8f978390e77f9685",
      "rev_count": 971119,
      "rev_date": "2026-03-28T14:48:23Z",
      "scrape_date": "2026-03-30T05:16:39.088513Z",
      "stabilities": [
        "unstable"
      ],
      "unfree": false,
      "version": "3.19.1",
      "outputs_to_install": [
        "out"
      ],
      "outputs": {
        "out": "/nix/store/6gdpshqw9zx0iz7g6xdkbkxkd5xc6kdd-kubernetes-helm-3.19.1"
      },
      "system": "x86_64-linux",
      "group": "toplevel",
      "priority": 5
    },
    {
      "attr_path": "kustomize",
      "broken": false,
      "derivation": "/nix/store/9as35wzad6gbqqdkvcq5q0fg6whfc0hz-kustomize-5.8.1.drv",
      "description": "Customization of kubernetes YAML configurations",
      "install_id": "kustomize",
      "license": "Apache-2.0",
      "locked_url": "https://github.com/flox/nixpkgs?rev=8110df5ad7abf5d4c0f6fb0f8f978390e77f9685",
      "name": "kustomize-5.8.1",
      "pname": "kustomize",
      "rev": "8110df5ad7abf5d4c0f6fb0f8f978390e77f9685",
      "rev_count": 971119,
      "rev_date": "2026-03-28T14:48:23Z",
      "scrape_date": "2026-03-30T03:37:36.846041Z",
      "stabilities": [
        "unstable"
      ],
      "unfree": false,
      "version": "5.8.1",
      "outputs_to_install": [
        "out"
      ],
      "outputs": {
        "out": "/nix/store/240mgl601hxwpcylrs43h7rkvf5i5n8n-kustomize-5.8.1"
      },
      "system": "aarch64-darwin",
      "group": "toplevel",
      "priority": 5
    },
    {
      "attr_path": "kustomize",
      "broken": false,
      "derivation": "/nix/store/pn020rhiv3vas5vdh79j4x6vm3wxg8b6-kustomize-5.8.1.drv",
      "description": "Customization of kubernetes YAML configurations",
      "install_id": "kustomize",
      "license": "Apache-2.0",
      "locked_url": "https://github.com/flox/nixpkgs?rev=8110df5ad7abf5d4c0f6fb0f8f978390e77f9685",
      "name": "kustomize-5.8.1",
      "pname": "kustomize",
      "rev": "8110df5ad7abf5d4c0f6fb0f8f978390e77f9685",
      "rev_count": 971119,
      "rev_date": "2026-03-28T14:48:23Z",
      "scrape_date": "2026-03-30T04:10:18.117132Z",
      "stabilities": [
        "unstable"
      ],
      "unfree": false,
      "version": "5.8.1",
      "outputs_to_install": [
        "out"
      ],
      "outputs": {
        "out": "/nix/store/hgpfcbrf4n5rag320lj96l2zjnr349k1-kustomize-5.8.1"
      },
      "system": "aarch64-linux",
      "group": "toplevel",
      "priority": 5
    },
    {
      "attr_path": "kustomize",
      "broken": false,
      "derivation": "/nix/store/86jjjxh6sk70c5fmdhwxng940qsc87q0-kustomize-5.8.1.drv",
      "description": "Customization of kubernetes YAML configurations",
      "install_id": "kustomize",
      "license": "Apache-2.0",
      "locked_url": "https://github.com/flox/nixpkgs?rev=8110df5ad7abf5d4c0f6fb0f8f978390e77f9685",
      "name": "kustomize-5.8.1",
      "pname": "kustomize",
      "rev": "8110df5ad7abf5d4c0f6fb0f8f978390e77f9685",
      "rev_count": 971119,
      "rev_date": "2026-03-28T14:48:23Z",
      "scrape_date": "2026-03-30T04:40:56.153456Z",
      "stabilities": [
        "unstable"
      ],
      "unfree": false,
      "version": "5.8.1",
      "outputs_to_install": [
        "out"
      ],
      "outputs": {
        "out": "/nix/store/mwd6cr946wgks88j1a2y20h0l03d2f58-kustomize-5.8.1"
      },
      "system": "x86_64-darwin",
      "group": "toplevel",
      "priority": 5
    },
    {
      "attr_path": "kustomize",
      "broken": false,
      "derivation": "/nix/store/0fv6b1bnbd9ggiwwhi1q81q5y4lv45i2-kustomize-5.8.1.drv",
      "description": "Customization of kubernetes YAML configurations",
      "install_id": "kustomize",
      "license": "Apache-2.0",
      "locked_url": "https://github.com/flox/nixpkgs?rev=8110df5ad7abf5d4c0f6fb0f8f978390e77f9685",
      "name": "kustomize-5.8.1",
      "pname": "kustomize",
      "rev": "8110df5ad7abf5d4c0f6fb0f8f978390e77f9685",
      "rev_count": 971119,
      "rev_date": "2026-03-28T14:48:23Z",
      "scrape_date": "2026-03-30T05:16:39.157834Z",
      "stabilities": [
        "unstable"
      ],
      "unfree": false,
      "version": "5.8.1",
      "outputs_to_install": [
        "out"
      ],
      "outputs": {
        "out": "/nix/store/j8dgjvff44cjrqr8a6iidlphaqr4msdw-kustomize-5.8.1"
      },
      "system": "x86_64-linux",
      "group": "toplevel",
      "priority": 5
    },
    {
      "attr_path": "nodejs",
      "broken": false,
      "derivation": "/nix/store/g2yfx00n1lp9i8ka7nbl11fawc0yfm7n-nodejs-24.14.0.drv",
      "description": "Event-driven I/O framework for the V8 JavaScript engine",
      "install_id": "nodejs",
      "license": "MIT",
      "locked_url": "https://github.com/flox/nixpkgs?rev=8110df5ad7abf5d4c0f6fb0f8f978390e77f9685",
      "name": "nodejs-24.14.0",
      "pname": "nodejs",
      "rev": "8110df5ad7abf5d4c0f6fb0f8f978390e77f9685",
      "rev_count": 971119,
      "rev_date": "2026-03-28T14:48:23Z",
      "scrape_date": "2026-03-30T03:37:44.188491Z",
      "stabilities": [
        "unstable"
      ],
      "unfree": false,
      "version": "24.14.0",
      "outputs_to_install": [
        "out"
      ],
      "outputs": {
        "out": "/nix/store/d5hw52iialz64hvfzfp9qm1gr2fp43kx-nodejs-24.14.0"
      },
      "system": "aarch64-darwin",
      "group": "toplevel",
      "priority": 5
    },
    {
      "attr_path": "nodejs",
      "broken": false,
      "derivation": "/nix/store/jj8rw2gnisil7dw10xi2qdinad9jqp7s-nodejs-24.14.0.drv",
      "description": "Event-driven I/O framework for the V8 JavaScript engine",
      "install_id": "nodejs",
      "license": "MIT",
      "locked_url": "https://github.com/flox/nixpkgs?rev=8110df5ad7abf5d4c0f6fb0f8f978390e77f9685",
      "name": "nodejs-24.14.0",
      "pname": "nodejs",
      "rev": "8110df5ad7abf5d4c0f6fb0f8f978390e77f9685",
      "rev_count": 971119,
      "rev_date": "2026-03-28T14:48:23Z",
      "scrape_date": "2026-03-30T04:10:33.055894Z",
      "stabilities": [
        "unstable"
      ],
      "unfree": false,
      "version": "24.14.0",
      "outputs_to_install": [
        "out"
      ],
      "outputs": {
        "out": "/nix/store/vs8zaq8fvbbjqfg4bzn424kn55sj7s7y-nodejs-24.14.0"
      },
      "system": "aarch64-linux",
      "group": "toplevel",
      "priority": 5
    },
    {
      "attr_path": "nodejs",
      "broken": false,
      "derivation": "/nix/store/l9ksrfa960964gqf23yfr7a66a2n18c1-nodejs-24.14.0.drv",
      "description": "Event-driven I/O framework for the V8 JavaScript engine",
      "install_id": "nodejs",
      "license": "MIT",
      "locked_url": "https://github.com/flox/nixpkgs?rev=8110df5ad7abf5d4c0f6fb0f8f978390e77f9685",
      "name": "nodejs-24.14.0",
      "pname": "nodejs",
      "rev": "8110df5ad7abf5d4c0f6fb0f8f978390e77f9685",
      "rev_count": 971119,
      "rev_date": "2026-03-28T14:48:23Z",
      "scrape_date": "2026-03-30T04:41:03.483286Z",
      "stabilities": [
        "unstable"
      ],
      "unfree": false,
      "version": "24.14.0",
      "outputs_to_install": [
        "out"
      ],
      "outputs": {
        "out": "/nix/store/70ypbaj273w2kk0nrs4vijizyqgbg48v-nodejs-24.14.0"
      },
      "system": "x86_64-darwin",
      "group": "toplevel",
      "priority": 5
    },
    {
      "attr_path": "nodejs",
      "broken": false,
      "derivation": "/nix/store/15s1kk2n6vg180wg04wj2wgnl19f03v7-nodejs-24.14.0.drv",
      "description": "Event-driven I/O framework for the V8 JavaScript engine",
      "install_id": "nodejs",
      "license": "MIT",
      "locked_url": "https://github.com/flox/nixpkgs?rev=8110df5ad7abf5d4c0f6fb0f8f978390e77f9685",
      "name": "nodejs-24.14.0",
      "pname": "nodejs",
      "rev": "8110df5ad7abf5d4c0f6fb0f8f978390e77f9685",
      "rev_count": 971119,
      "rev_date": "2026-03-28T14:48:23Z",
      "scrape_date": "2026-03-30T05:16:55.941803Z",
      "stabilities": [
        "unstable"
      ],
      "unfree": false,
      "version": "24.14.0",
      "outputs_to_install": [
        "out"
      ],
      "outputs": {
        "out": "/nix/store/v2210ar51jddnrcx46m53ivv9palc26m-nodejs-24.14.0"
      },
      "system": "x86_64-linux",
      "group": "toplevel",
      "priority": 5
    },
    {
      "attr_path": "pnpm",
      "broken": false,
      "derivation": "/nix/store/j5p5vcdra3lxq7idm2pq4bhdix420ay2-pnpm-10.33.0.drv",
      "description": "Fast, disk space efficient package manager for JavaScript",
      "install_id": "pnpm",
      "license": "MIT",
      "locked_url": "https://github.com/flox/nixpkgs?rev=8110df5ad7abf5d4c0f6fb0f8f978390e77f9685",
      "name": "pnpm-10.33.0",
      "pname": "pnpm",
      "rev": "8110df5ad7abf5d4c0f6fb0f8f978390e77f9685",
      "rev_count": 971119,
      "rev_date": "2026-03-28T14:48:23Z",
      "scrape_date": "2026-03-30T03:37:58.167294Z",
      "stabilities": [
        "unstable"
      ],
      "unfree": false,
      "version": "10.33.0",
      "outputs_to_install": [
        "out"
      ],
      "outputs": {
        "out": "/nix/store/ikniys3wki91s94zh7wpnf9rf8806msv-pnpm-10.33.0"
      },
      "system": "aarch64-darwin",
      "group": "toplevel",
      "priority": 5
    },
    {
      "attr_path": "pnpm",
      "broken": false,
      "derivation": "/nix/store/jqc69fv43sjsjv67a3xqrdpz9zjw5bhm-pnpm-10.33.0.drv",
      "description": "Fast, disk space efficient package manager for JavaScript",
      "install_id": "pnpm",
      "license": "MIT",
      "locked_url": "https://github.com/flox/nixpkgs?rev=8110df5ad7abf5d4c0f6fb0f8f978390e77f9685",
      "name": "pnpm-10.33.0",
      "pname": "pnpm",
      "rev": "8110df5ad7abf5d4c0f6fb0f8f978390e77f9685",
      "rev_count": 971119,
      "rev_date": "2026-03-28T14:48:23Z",
      "scrape_date": "2026-03-30T04:10:52.630960Z",
      "stabilities": [
        "unstable"
      ],
      "unfree": false,
      "version": "10.33.0",
      "outputs_to_install": [
        "out"
      ],
      "outputs": {
        "out": "/nix/store/5gj7nis9afj3qib78y8vwp5vh5rdr5wn-pnpm-10.33.0"
      },
      "system": "aarch64-linux",
      "group": "toplevel",
      "priority": 5
    },
    {
      "attr_path": "pnpm",
      "broken": false,
      "derivation": "/nix/store/vm0izgp2rm8xzdabkd8kb3r9n5zcxpn7-pnpm-10.33.0.drv",
      "description": "Fast, disk space efficient package manager for JavaScript",
      "install_id": "pnpm",
      "license": "MIT",
      "locked_url": "https://github.com/flox/nixpkgs?rev=8110df5ad7abf5d4c0f6fb0f8f978390e77f9685",
      "name": "pnpm-10.33.0",
      "pname": "pnpm",
      "rev": "8110df5ad7abf5d4c0f6fb0f8f978390e77f9685",
      "rev_count": 971119,
      "rev_date": "2026-03-28T14:48:23Z",
      "scrape_date": "2026-03-30T04:41:17.479384Z",
      "stabilities": [
        "unstable"
      ],
      "unfree": false,
      "version": "10.33.0",
      "outputs_to_install": [
        "out"
      ],
      "outputs": {
        "out": "/nix/store/a8425q8kcj0r6x13c50z52y9f23b43kh-pnpm-10.33.0"
      },
      "system": "x86_64-darwin",
      "group": "toplevel",
      "priority": 5
    },
    {
      "attr_path": "pnpm",
      "broken": false,
      "derivation": "/nix/store/rrmdv7a9p91v5x4qnmm0qq013995rg2j-pnpm-10.33.0.drv",
      "description": "Fast, disk space efficient package manager for JavaScript",
      "install_id": "pnpm",
      "license": "MIT",
      "locked_url": "https://github.com/flox/nixpkgs?rev=8110df5ad7abf5d4c0f6fb0f8f978390e77f9685",
      "name": "pnpm-10.33.0",
      "pname": "pnpm",
      "rev": "8110df5ad7abf5d4c0f6fb0f8f978390e77f9685",
      "rev_count": 971119,
      "rev_date": "2026-03-28T14:48:23Z",
      "scrape_date": "2026-03-30T05:17:16.547333Z",
      "stabilities": [
        "unstable"
      ],
      "unfree": false,
      "version": "10.33.0",
      "outputs_to_install": [
        "out"
      ],
      "outputs": {
        "out": "/nix/store/qlbqwsia8a9rk3cp6v58y1x58c0j2wyk-pnpm-10.33.0"
      },
      "system": "x86_64-linux",
      "group": "toplevel",
      "priority": 5
    },
    {
      "attr_path": "python3",
      "broken": false,
      "derivation": "/nix/store/krwwaljrhx0f8rykjbxzwhjqhn8iq64d-python3-3.13.12.drv",
      "description": "High-level dynamically-typed programming language",
      "install_id": "python3",
      "license": "Python-2.0",
      "locked_url": "https://github.com/flox/nixpkgs?rev=8110df5ad7abf5d4c0f6fb0f8f978390e77f9685",
      "name": "python3-3.13.12",
      "pname": "python3",
      "rev": "8110df5ad7abf5d4c0f6fb0f8f978390e77f9685",
      "rev_count": 971119,
      "rev_date": "2026-03-28T14:48:23Z",
      "scrape_date": "2026-03-30T03:37:59.929420Z",
      "stabilities": [
        "unstable"
      ],
      "unfree": false,
      "version": "3.13.12",
      "outputs_to_install": [
        "out",
        "out"
      ],
      "outputs": {
        "out": "/nix/store/qabiwfbf61gaky68k0klvyjvd8zavmxb-python3-3.13.12"
      },
      "system": "aarch64-darwin",
      "group": "toplevel",
      "priority": 5
    },
    {
      "attr_path": "python3",
      "broken": false,
      "derivation": "/nix/store/nxvwxd34qjxfwm1cx3kpalrd6xcsydla-python3-3.13.12.drv",
      "description": "High-level dynamically-typed programming language",
      "install_id": "python3",
      "license": "Python-2.0",
      "locked_url": "https://github.com/flox/nixpkgs?rev=8110df5ad7abf5d4c0f6fb0f8f978390e77f9685",
      "name": "python3-3.13.12",
      "pname": "python3",
      "rev": "8110df5ad7abf5d4c0f6fb0f8f978390e77f9685",
      "rev_count": 971119,
      "rev_date": "2026-03-28T14:48:23Z",
      "scrape_date": "2026-03-30T04:10:55.294364Z",
      "stabilities": [
        "unstable"
      ],
      "unfree": false,
      "version": "3.13.12",
      "outputs_to_install": [
        "out",
        "out",
        "out"
      ],
      "outputs": {
        "debug": "/nix/store/q6kvsi3vgc4xvnp3yzibg03a22cw86r2-python3-3.13.12-debug",
        "out": "/nix/store/nnz5k19wbai97d7y2x11qaq6dgxzhq4w-python3-3.13.12"
      },
      "system": "aarch64-linux",
      "group": "toplevel",
      "priority": 5
    },
    {
      "attr_path": "python3",
      "broken": false,
      "derivation": "/nix/store/0bqzghzk3p5ss7wvxgfjw2k49wmiddkj-python3-3.13.12.drv",
      "description": "High-level dynamically-typed programming language",
      "install_id": "python3",
      "license": "Python-2.0",
      "locked_url": "https://github.com/flox/nixpkgs?rev=8110df5ad7abf5d4c0f6fb0f8f978390e77f9685",
      "name": "python3-3.13.12",
      "pname": "python3",
      "rev": "8110df5ad7abf5d4c0f6fb0f8f978390e77f9685",
      "rev_count": 971119,
      "rev_date": "2026-03-28T14:48:23Z",
      "scrape_date": "2026-03-30T04:41:19.242801Z",
      "stabilities": [
        "unstable"
      ],
      "unfree": false,
      "version": "3.13.12",
      "outputs_to_install": [
        "out"
      ],
      "outputs": {
        "out": "/nix/store/qcpx0pjlgkigibqijdy1wsy2kmc8shd2-python3-3.13.12"
      },
      "system": "x86_64-darwin",
      "group": "toplevel",
      "priority": 5
    },
    {
      "attr_path": "python3",
      "broken": false,
      "derivation": "/nix/store/makmgpqhagbsvfs49dywc7r7a0kv8any-python3-3.13.12.drv",
      "description": "High-level dynamically-typed programming language",
      "install_id": "python3",
      "license": "Python-2.0",
      "locked_url": "https://github.com/flox/nixpkgs?rev=8110df5ad7abf5d4c0f6fb0f8f978390e77f9685",
      "name": "python3-3.13.12",
      "pname": "python3",
      "rev": "8110df5ad7abf5d4c0f6fb0f8f978390e77f9685",
      "rev_count": 971119,
      "rev_date": "2026-03-28T14:48:23Z",
      "scrape_date": "2026-03-30T05:17:19.327814Z",
      "stabilities": [
        "unstable"
      ],
      "unfree": false,
      "version": "3.13.12",
      "outputs_to_install": [
        "out",
        "out",
        "out"
      ],
      "outputs": {
        "debug": "/nix/store/nj0fy51wymai8wp1y7dbk08g6pvjw1a1-python3-3.13.12-debug",
        "out": "/nix/store/pzdalg368npikvpq4ncz2saxnz19v53k-python3-3.13.12"
      },
      "system": "x86_64-linux",
      "group": "toplevel",
      "priority": 5
    },
    {
      "attr_path": "terraform",
      "broken": false,
      "derivation": "/nix/store/8f0zgdijng9qzgl56mpbn6irarcmbn2g-terraform-1.14.6.drv",
      "description": "Tool for building, changing, and versioning infrastructure",
      "install_id": "terraform",
      "license": "BUSL-1.1",
      "locked_url": "https://github.com/flox/nixpkgs?rev=8110df5ad7abf5d4c0f6fb0f8f978390e77f9685",
      "name": "terraform-1.14.6",
      "pname": "terraform",
      "rev": "8110df5ad7abf5d4c0f6fb0f8f978390e77f9685",
      "rev_count": 971119,
      "rev_date": "2026-03-28T14:48:23Z",
      "scrape_date": "2026-03-30T03:39:09.440739Z",
      "stabilities": [
        "unstable"
      ],
      "unfree": true,
      "version": "1.14.6",
      "outputs_to_install": [
        "out"
      ],
      "outputs": {
        "out": "/nix/store/xk7hvhwbf0z6iyrs2aka1wd3hjv6f1zp-terraform-1.14.6"
      },
      "system": "aarch64-darwin",
      "group": "toplevel",
      "priority": 5
    },
    {
      "attr_path": "terraform",
      "broken": false,
      "derivation": "/nix/store/9lb94h3l0n5xnlnrvs87yph7r1zd2skb-terraform-1.14.6.drv",
      "description": "Tool for building, changing, and versioning infrastructure",
      "install_id": "terraform",
      "license": "BUSL-1.1",
      "locked_url": "https://github.com/flox/nixpkgs?rev=8110df5ad7abf5d4c0f6fb0f8f978390e77f9685",
      "name": "terraform-1.14.6",
      "pname": "terraform",
      "rev": "8110df5ad7abf5d4c0f6fb0f8f978390e77f9685",
      "rev_count": 971119,
      "rev_date": "2026-03-28T14:48:23Z",
      "scrape_date": "2026-03-30T04:12:24.522465Z",
      "stabilities": [
        "unstable"
      ],
      "unfree": true,
      "version": "1.14.6",
      "outputs_to_install": [
        "out"
      ],
      "outputs": {
        "out": "/nix/store/7hq466ahwazwk91p6llrnhs0lwikh7b5-terraform-1.14.6"
      },
      "system": "aarch64-linux",
      "group": "toplevel",
      "priority": 5
    },
    {
      "attr_path": "terraform",
      "broken": false,
      "derivation": "/nix/store/wwssl7b588h7kzh1jawjzh5n4cqbs5wh-terraform-1.14.6.drv",
      "description": "Tool for building, changing, and versioning infrastructure",
      "install_id": "terraform",
      "license": "BUSL-1.1",
      "locked_url": "https://github.com/flox/nixpkgs?rev=8110df5ad7abf5d4c0f6fb0f8f978390e77f9685",
      "name": "terraform-1.14.6",
      "pname": "terraform",
      "rev": "8110df5ad7abf5d4c0f6fb0f8f978390e77f9685",
      "rev_count": 971119,
      "rev_date": "2026-03-28T14:48:23Z",
      "scrape_date": "2026-03-30T04:42:27.808796Z",
      "stabilities": [
        "unstable"
      ],
      "unfree": true,
      "version": "1.14.6",
      "outputs_to_install": [
        "out"
      ],
      "outputs": {
        "out": "/nix/store/bvy6m79gm2gazgsy9zyikz02ljnkxcpa-terraform-1.14.6"
      },
      "system": "x86_64-darwin",
      "group": "toplevel",
      "priority": 5
    },
    {
      "attr_path": "terraform",
      "broken": false,
      "derivation": "/nix/store/kjarlcpg1kcwl5dc3ijs4lb6gsx76jb2-terraform-1.14.6.drv",
      "description": "Tool for building, changing, and versioning infrastructure",
      "install_id": "terraform",
      "license": "BUSL-1.1",
      "locked_url": "https://github.com/flox/nixpkgs?rev=8110df5ad7abf5d4c0f6fb0f8f978390e77f9685",
      "name": "terraform-1.14.6",
      "pname": "terraform",
      "rev": "8110df5ad7abf5d4c0f6fb0f8f978390e77f9685",
      "rev_count": 971119,
      "rev_date": "2026-03-28T14:48:23Z",
      "scrape_date": "2026-03-30T05:18:51.429526Z",
      "stabilities": [
        "unstable"
      ],
      "unfree": true,
      "version": "1.14.6",
      "outputs_to_install": [
        "out"
      ],
      "outputs": {
        "out": "/nix/store/b5vw87jqlrzimhfi0182i470dvizmn7i-terraform-1.14.6"
      },
      "system": "x86_64-linux",
      "group": "toplevel",
      "priority": 5
    },
    {
      "attr_path": "xvfb-run",
      "broken": false,
      "derivation": "/nix/store/2xgr2z8gxbw8rban05zq9q4yj1mpj3sq-xvfb-run-1+g87f6705.drv",
      "description": "Convenience script to run a virtualized X-Server",
      "install_id": "xvfb-run",
      "license": "GPL-2.0-only",
      "locked_url": "https://github.com/flox/nixpkgs?rev=8110df5ad7abf5d4c0f6fb0f8f978390e77f9685",
      "name": "xvfb-run-1+g87f6705",
      "pname": "xvfb-run",
      "rev": "8110df5ad7abf5d4c0f6fb0f8f978390e77f9685",
      "rev_count": 971119,
      "rev_date": "2026-03-28T14:48:23Z",
      "scrape_date": "2026-03-30T04:13:35.558737Z",
      "stabilities": [
        "unstable"
      ],
      "unfree": false,
      "version": "1+g87f6705",
      "outputs_to_install": [
        "out"
      ],
      "outputs": {
        "out": "/nix/store/48k1ldazzz8f4msif0wjz5bj2nh7qfgz-xvfb-run-1+g87f6705"
      },
      "system": "aarch64-linux",
      "group": "toplevel",
      "priority": 5
    },
    {
      "attr_path": "xvfb-run",
      "broken": false,
      "derivation": "/nix/store/n7mr658312rijdaxy476zwa9q5dvbb8n-xvfb-run-1+g87f6705.drv",
      "description": "Convenience script to run a virtualized X-Server",
      "install_id": "xvfb-run",
      "license": "GPL-2.0-only",
      "locked_url": "https://github.com/flox/nixpkgs?rev=8110df5ad7abf5d4c0f6fb0f8f978390e77f9685",
      "name": "xvfb-run-1+g87f6705",
      "pname": "xvfb-run",
      "rev": "8110df5ad7abf5d4c0f6fb0f8f978390e77f9685",
      "rev_count": 971119,
      "rev_date": "2026-03-28T14:48:23Z",
      "scrape_date": "2026-03-30T05:20:04.828422Z",
      "stabilities": [
        "unstable"
      ],
      "unfree": false,
      "version": "1+g87f6705",
      "outputs_to_install": [
        "out"
      ],
      "outputs": {
        "out": "/nix/store/sbzdw6r5mw722sm93lr86qq07vpm28xj-xvfb-run-1+g87f6705"
      },
      "system": "x86_64-linux",
      "group": "toplevel",
      "priority": 5
    }
  ]
}
